
Microsoft Visual Studio Solution File, Format Version 12.00
# Visual Studio Version 17
VisualStudioVersion = 17.14.37027.9
MinimumVisualStudioVersion = 10.0.40219.1
Project("{FAE04EC0-301F-11D3-BF4B-00C04F79EFBC}") = "ADUserSearchTool", "ADUserSearchTool\ADUserSearchTool.csproj", "{4E24F142-EF8A-4D3B-BF12-34A0AA65FD4B}"
EndProject
Project("{FAE04EC0-301F-11D3-BF4B-00C04F79EFBC}") = "ADUserSearchTool.Tests", "ADUserSearchTool.Tests\ADUserSearchTool.Tests.csproj", "{70DE8342-984D-470C-915B-1979CCDC84DE}"
EndProject
Global
	GlobalSection(SolutionConfigurationPlatforms) = preSolution
		Debug|Any CPU = Debug|Any CPU
		Release|Any CPU = Release|Any CPU
	EndGlobalSection
	GlobalSection(ProjectConfigurationPlatforms) = postSolution
		{4E24F142-EF8A-4D3B-BF12-34A0AA65FD4B}.Debug|Any CPU.ActiveCfg = Debug|Any CPU
		{4E24F142-EF8A-4D3B-BF12-34A0AA65FD4B}.Debug|Any CPU.Build.0 = Debug|Any CPU
		{4E24F142-EF8A-4D3B-BF12-34A0AA65FD4B}.Release|Any CPU.ActiveCfg = Release|Any CPU
		{4E24F142-EF8A-4D3B-BF12-34A0AA65FD4B}.Release|Any CPU.Build.0 = Release|Any CPU
		{70DE8342-984D-470C-915B-1979CCDC84DE}.Debug|Any CPU.ActiveCfg = Debug|Any CPU
		{70DE8342-984D-470C-915B-1979CCDC84DE}.Debug|Any CPU.Build.0 = Debug|Any CPU
		{70DE8342-984D-470C-915B-1979CCDC84DE}.Release|Any CPU.ActiveCfg = Release|Any CPU
		{70DE8342-984D-470C-915B-1979CCDC84DE}.Release|Any CPU.Build.0 = Release|Any CPU
	EndGlobalSection
	GlobalSection(SolutionProperties) = preSolution
		HideSolutionNode = FALSE
	EndGlobalSection
	GlobalSection(ExtensibilityGlobals) = postSolution
		SolutionGuid = {63B9C53B-47D7-42C9-9F9C-37136A3BBE37}
	EndGlobalSection
EndGlobal
